// !$*UTF8*$!
{
	archiveVersion = 1;
	classes = {
	};
	objectVersion = 46;
	objects = {

/* Begin PBXBuildFile section */
		A30587991F268F4B00E6253F /* main.m in Sources */ = {isa = PBXBuildFile; fileRef = A30587981F268F4B00E6253F /* main.m */; };
		A305879C1F268F4B00E6253F /* AppDelegate.m in Sources */ = {isa = PBXBuildFile; fileRef = A305879B1F268F4B00E6253F /* AppDelegate.m */; };
		A30587A21F268F4B00E6253F /* Main.storyboard in Resources */ = {isa = PBXBuildFile; fileRef = A30587A01F268F4B00E6253F /* Main.storyboard */; };
		A30587A41F268F4B00E6253F /* Assets.xcassets in Resources */ = {isa = PBXBuildFile; fileRef = A30587A31F268F4B00E6253F /* Assets.xcassets */; };
		A30587A71F268F4B00E6253F /* LaunchScreen.storyboard in Resources */ = {isa = PBXBuildFile; fileRef = A30587A51F268F4B00E6253F /* LaunchScreen.storyboard */; };
		A30587B01F2690D000E6253F /* MainTBC.m in Sources */ = {isa = PBXBuildFile; fileRef = A30587AF1F2690D000E6253F /* MainTBC.m */; };
		A30FAD4E1F38F4CC002F6E60 /* TestVC.m in Sources */ = {isa = PBXBuildFile; fileRef = A30FAD4D1F38F4CC002F6E60 /* TestVC.m */; };
		A30FAD521F38F5E8002F6E60 /* happy.png in Resources */ = {isa = PBXBuildFile; fileRef = A30FAD4F1F38F5E8002F6E60 /* happy.png */; };
		A30FAD531F38F5E8002F6E60 /* sad.png in Resources */ = {isa = PBXBuildFile; fileRef = A30FAD501F38F5E8002F6E60 /* sad.png */; };
		A30FAD541F38F5E8002F6E60 /* soso.png in Resources */ = {isa = PBXBuildFile; fileRef = A30FAD511F38F5E8002F6E60 /* soso.png */; };
		A30FAD581F38FCAF002F6E60 /* border.png in Resources */ = {isa = PBXBuildFile; fileRef = A30FAD571F38FCAF002F6E60 /* border.png */; };
		A30FAD5F1F38FFF3002F6E60 /* Demo_ConeriaScript.ttf in Resources */ = {isa = PBXBuildFile; fileRef = A30FAD5E1F38FFF3002F6E60 /* Demo_ConeriaScript.ttf */; };
		A30FAD621F390E85002F6E60 /* DetailsCVC.m in Sources */ = {isa = PBXBuildFile; fileRef = A30FAD611F390E85002F6E60 /* DetailsCVC.m */; };
		A31424B11F36E6E90044D3D4 /* CreateVC.m in Sources */ = {isa = PBXBuildFile; fileRef = A31424B01F36E6E90044D3D4 /* CreateVC.m */; };
		A31424B31F36E6F30044D3D4 /* Create.storyboard in Resources */ = {isa = PBXBuildFile; fileRef = A31424B21F36E6F30044D3D4 /* Create.storyboard */; };
		A31424C41F36FC520044D3D4 /* CreateCVC.m in Sources */ = {isa = PBXBuildFile; fileRef = A31424C31F36FC520044D3D4 /* CreateCVC.m */; };
		A31424D71F3741140044D3D4 /* DetailsVC.m in Sources */ = {isa = PBXBuildFile; fileRef = A31424D61F3741140044D3D4 /* DetailsVC.m */; };
		A31424DE1F37414B0044D3D4 /* Details.storyboard in Resources */ = {isa = PBXBuildFile; fileRef = A31424DD1F37414B0044D3D4 /* Details.storyboard */; };
		A315F30D1F30528500103E05 /* Shop.storyboard in Resources */ = {isa = PBXBuildFile; fileRef = A315F30C1F30528500103E05 /* Shop.storyboard */; };
		A315F3101F30529A00103E05 /* ShopVC.m in Sources */ = {isa = PBXBuildFile; fileRef = A315F30F1F30529A00103E05 /* ShopVC.m */; };
		A315F3131F30544C00103E05 /* ShopCVC.m in Sources */ = {isa = PBXBuildFile; fileRef = A315F3121F30544C00103E05 /* ShopCVC.m */; };
		A315F3161F3054C000103E05 /* ShopSlideShowTVC.m in Sources */ = {isa = PBXBuildFile; fileRef = A315F3151F3054C000103E05 /* ShopSlideShowTVC.m */; };
		A315F3191F3054EB00103E05 /* ShopTVC.m in Sources */ = {isa = PBXBuildFile; fileRef = A315F3181F3054EB00103E05 /* ShopTVC.m */; };
		A320D03F1F2F7C7800607C01 /* CowWorkers.storyboard in Resources */ = {isa = PBXBuildFile; fileRef = A320D03E1F2F7C7800607C01 /* CowWorkers.storyboard */; };
		A320D04B1F2F7F1E00607C01 /* CoWorkersTVC.m in Sources */ = {isa = PBXBuildFile; fileRef = A320D04A1F2F7F1E00607C01 /* CoWorkersTVC.m */; };
		A32CF3BB1F3834DD009F366F /* CartV.m in Sources */ = {isa = PBXBuildFile; fileRef = A32CF3BA1F3834DD009F366F /* CartV.m */; };
		A32CF3BE1F3834F2009F366F /* CartCVC.m in Sources */ = {isa = PBXBuildFile; fileRef = A32CF3BD1F3834F2009F366F /* CartCVC.m */; };
		A32CF3C11F383681009F366F /* CartCVC1.m in Sources */ = {isa = PBXBuildFile; fileRef = A32CF3C01F383681009F366F /* CartCVC1.m */; };
		A32CF3C41F3843C8009F366F /* EditProfileVC.m in Sources */ = {isa = PBXBuildFile; fileRef = A32CF3C31F3843C8009F366F /* EditProfileVC.m */; };
		A32CF3C91F384AD2009F366F /* book0.jpg in Resources */ = {isa = PBXBuildFile; fileRef = A32CF3C51F384AD2009F366F /* book0.jpg */; };
		A32CF3CA1F384AD2009F366F /* book1.jpg in Resources */ = {isa = PBXBuildFile; fileRef = A32CF3C61F384AD2009F366F /* book1.jpg */; };
		A32CF3CB1F384AD2009F366F /* book2.jpg in Resources */ = {isa = PBXBuildFile; fileRef = A32CF3C71F384AD2009F366F /* book2.jpg */; };
		A32CF3CC1F384AD2009F366F /* book3.jpg in Resources */ = {isa = PBXBuildFile; fileRef = A32CF3C81F384AD2009F366F /* book3.jpg */; };
		A32CF3D01F384B24009F366F /* voice2.jpg in Resources */ = {isa = PBXBuildFile; fileRef = A32CF3CD1F384B24009F366F /* voice2.jpg */; };
		A32CF3D11F384B24009F366F /* voice1.jpg in Resources */ = {isa = PBXBuildFile; fileRef = A32CF3CE1F384B24009F366F /* voice1.jpg */; };
		A32CF3D21F384B24009F366F /* voice0.jpg in Resources */ = {isa = PBXBuildFile; fileRef = A32CF3CF1F384B24009F366F /* voice0.jpg */; };
		A32CF3D71F384B43009F366F /* card0.jpg in Resources */ = {isa = PBXBuildFile; fileRef = A32CF3D31F384B43009F366F /* card0.jpg */; };
		A32CF3D81F384B43009F366F /* card1.jpg in Resources */ = {isa = PBXBuildFile; fileRef = A32CF3D41F384B43009F366F /* card1.jpg */; };
		A32CF3D91F384B43009F366F /* card2.jpg in Resources */ = {isa = PBXBuildFile; fileRef = A32CF3D51F384B43009F366F /* card2.jpg */; };
		A32CF3DA1F384B43009F366F /* card3.jpg in Resources */ = {isa = PBXBuildFile; fileRef = A32CF3D61F384B43009F366F /* card3.jpg */; };
		A32CF3E71F3853FA009F366F /* buy1.jpg in Resources */ = {isa = PBXBuildFile; fileRef = A32CF3DB1F3853FA009F366F /* buy1.jpg */; };
		A32CF3E81F3853FA009F366F /* buy0.jpg in Resources */ = {isa = PBXBuildFile; fileRef = A32CF3DC1F3853FA009F366F /* buy0.jpg */; };
		A32CF3E91F3853FA009F366F /* football0.jpg in Resources */ = {isa = PBXBuildFile; fileRef = A32CF3DD1F3853FA009F366F /* football0.jpg */; };
		A32CF3EA1F3853FA009F366F /* friend1.jpg in Resources */ = {isa = PBXBuildFile; fileRef = A32CF3DE1F3853FA009F366F /* friend1.jpg */; };
		A32CF3EB1F3853FA009F366F /* friend0.jpg in Resources */ = {isa = PBXBuildFile; fileRef = A32CF3DF1F3853FA009F366F /* friend0.jpg */; };
		A32CF3EC1F3853FA009F366F /* park0.jpg in Resources */ = {isa = PBXBuildFile; fileRef = A32CF3E01F3853FA009F366F /* park0.jpg */; };
		A32CF3ED1F3853FA009F366F /* park1.jpg in Resources */ = {isa = PBXBuildFile; fileRef = A32CF3E11F3853FA009F366F /* park1.jpg */; };
		A32CF3EE1F3853FA009F366F /* safar0.jpg in Resources */ = {isa = PBXBuildFile; fileRef = A32CF3E21F3853FA009F366F /* safar0.jpg */; };
		A32CF3EF1F3853FA009F366F /* safar1.jpg in Resources */ = {isa = PBXBuildFile; fileRef = A32CF3E31F3853FA009F366F /* safar1.jpg */; };
		A32CF3F11F3853FA009F366F /* carting0.jpg in Resources */ = {isa = PBXBuildFile; fileRef = A32CF3E51F3853FA009F366F /* carting0.jpg */; };
		A32CF3F21F3853FA009F366F /* carting1.jpg in Resources */ = {isa = PBXBuildFile; fileRef = A32CF3E61F3853FA009F366F /* carting1.jpg */; };
		A32CF3F41F385412009F366F /* football1.jpg in Resources */ = {isa = PBXBuildFile; fileRef = A32CF3F31F385412009F366F /* football1.jpg */; };
		A33CF0C71F307739001FAE8B /* Profile.storyboard in Resources */ = {isa = PBXBuildFile; fileRef = A33CF0C61F307739001FAE8B /* Profile.storyboard */; };
		A33CF0CE1F308B62001FAE8B /* ProfileVC.m in Sources */ = {isa = PBXBuildFile; fileRef = A33CF0CD1F308B62001FAE8B /* ProfileVC.m */; };
		A346C6A51F274BCF00FA233F /* TestLibraryVC.m in Sources */ = {isa = PBXBuildFile; fileRef = A346C6A41F274BCF00FA233F /* TestLibraryVC.m */; };
		A346C6A81F274BEF00FA233F /* TestLibrary.storyboard in Resources */ = {isa = PBXBuildFile; fileRef = A346C6A71F274BEF00FA233F /* TestLibrary.storyboard */; };
		A346C6AB1F274CD900FA233F /* TestCVC.m in Sources */ = {isa = PBXBuildFile; fileRef = A346C6AA1F274CD900FA233F /* TestCVC.m */; };
		A346C6BB1F2762D800FA233F /* TestCVL.m in Sources */ = {isa = PBXBuildFile; fileRef = A346C6BA1F2762D800FA233F /* TestCVL.m */; };
		A346C6BE1F276E3400FA233F /* FontAwesome.otf in Resources */ = {isa = PBXBuildFile; fileRef = A346C6BD1F276E3400FA233F /* FontAwesome.otf */; };
		A34BFBB11F3300EE00ADC193 /* CoWorkers.m in Sources */ = {isa = PBXBuildFile; fileRef = A34BFBB01F3300EE00ADC193 /* CoWorkers.m */; };
		A34BFBB71F33019300ADC193 /* CoWorkersSlideShowTVC.m in Sources */ = {isa = PBXBuildFile; fileRef = A34BFBB61F33019300ADC193 /* CoWorkersSlideShowTVC.m */; };
		A34BFBBE1F3310D900ADC193 /* EventCVC.m in Sources */ = {isa = PBXBuildFile; fileRef = A34BFBBD1F3310D900ADC193 /* EventCVC.m */; };
		A34BFBC11F332B7500ADC193 /* EventV.m in Sources */ = {isa = PBXBuildFile; fileRef = A34BFBC01F332B7500ADC193 /* EventV.m */; };
		A34BFBC91F335C1600ADC193 /* IRANSansMobile_Bold.ttf in Resources */ = {isa = PBXBuildFile; fileRef = A34BFBC41F335C1600ADC193 /* IRANSansMobile_Bold.ttf */; };
		A34BFBCA1F335C1600ADC193 /* IRANSansMobile_Light.ttf in Resources */ = {isa = PBXBuildFile; fileRef = A34BFBC51F335C1600ADC193 /* IRANSansMobile_Light.ttf */; };
		A34BFBCB1F335C1600ADC193 /* IRANSansMobile_Medium.ttf in Resources */ = {isa = PBXBuildFile; fileRef = A34BFBC61F335C1600ADC193 /* IRANSansMobile_Medium.ttf */; };
		A34BFBCC1F335C1600ADC193 /* IRANSansMobile_UltraLight.ttf in Resources */ = {isa = PBXBuildFile; fileRef = A34BFBC71F335C1600ADC193 /* IRANSansMobile_UltraLight.ttf */; };
		A34BFBCD1F335C1600ADC193 /* IRANSansMobile.ttf in Resources */ = {isa = PBXBuildFile; fileRef = A34BFBC81F335C1600ADC193 /* IRANSansMobile.ttf */; };
		A38B07461F2FAF360077589A /* UITextView+AMSExtension.m in Sources */ = {isa = PBXBuildFile; fileRef = A38B07431F2FAF360077589A /* UITextView+AMSExtension.m */; };
		A38B07471F2FAF360077589A /* UIView+AMSExtension.m in Sources */ = {isa = PBXBuildFile; fileRef = A38B07451F2FAF360077589A /* UIView+AMSExtension.m */; };
		A38B07531F2FBA830077589A /* CoWorkerDetailsVC.m in Sources */ = {isa = PBXBuildFile; fileRef = A38B07521F2FBA830077589A /* CoWorkerDetailsVC.m */; };
		A3A7F2961F361C4F00028FCC /* BasketV.m in Sources */ = {isa = PBXBuildFile; fileRef = A3A7F2951F361C4F00028FCC /* BasketV.m */; };
		A3A7F2991F361CE600028FCC /* BasketCVC.m in Sources */ = {isa = PBXBuildFile; fileRef = A3A7F2981F361CE600028FCC /* BasketCVC.m */; };
		A3A7F29E1F362D4600028FCC /* LastEventsV.m in Sources */ = {isa = PBXBuildFile; fileRef = A3A7F29D1F362D4600028FCC /* LastEventsV.m */; };
		A3A7F2A11F362D6A00028FCC /* LastEventsCVC.m in Sources */ = {isa = PBXBuildFile; fileRef = A3A7F2A01F362D6A00028FCC /* LastEventsCVC.m */; };
		A3A7F2A41F362EB200028FCC /* NewsCVC.m in Sources */ = {isa = PBXBuildFile; fileRef = A3A7F2A31F362EB200028FCC /* NewsCVC.m */; };
		A3A7F2A71F362EC400028FCC /* NewsV.m in Sources */ = {isa = PBXBuildFile; fileRef = A3A7F2A61F362EC400028FCC /* NewsV.m */; };
		B3CF79349110353F337B270C /* libPods-Persolio.a in Frameworks */ = {isa = PBXBuildFile; fileRef = 6D3FF1290334EFA60B9C70CA /* libPods-Persolio.a */; };
/* End PBXBuildFile section */

/* Begin PBXFileReference section */
		02E25CAD7C756FC2A919518D /* Pods-Persolio.debug.xcconfig */ = {isa = PBXFileReference; includeInIndex = 1; lastKnownFileType = text.xcconfig; name = "Pods-Persolio.debug.xcconfig"; path = "Pods/Target Support Files/Pods-Persolio/Pods-Persolio.debug.xcconfig"; sourceTree = "<group>"; };
		547B4E9C82696FFAF3AE6892 /* Pods-Persolio.release.xcconfig */ = {isa = PBXFileReference; includeInIndex = 1; lastKnownFileType = text.xcconfig; name = "Pods-Persolio.release.xcconfig"; path = "Pods/Target Support Files/Pods-Persolio/Pods-Persolio.release.xcconfig"; sourceTree = "<group>"; };
		6D3FF1290334EFA60B9C70CA /* libPods-Persolio.a */ = {isa = PBXFileReference; explicitFileType = archive.ar; includeInIndex = 0; path = "libPods-Persolio.a"; sourceTree = BUILT_PRODUCTS_DIR; };
		A30587941F268F4B00E6253F /* Persolio.app */ = {isa = PBXFileReference; explicitFileType = wrapper.application; includeInIndex = 0; path = Persolio.app; sourceTree = BUILT_PRODUCTS_DIR; };
		A30587981F268F4B00E6253F /* main.m */ = {isa = PBXFileReference; lastKnownFileType = sourcecode.c.objc; path = main.m; sourceTree = "<group>"; };
		A305879A1F268F4B00E6253F /* AppDelegate.h */ = {isa = PBXFileReference; lastKnownFileType = sourcecode.c.h; path = AppDelegate.h; sourceTree = "<group>"; };
		A305879B1F268F4B00E6253F /* AppDelegate.m */ = {isa = PBXFileReference; lastKnownFileType = sourcecode.c.objc; path = AppDelegate.m; sourceTree = "<group>"; };
		A30587A11F268F4B00E6253F /* Base */ = {isa = PBXFileReference; lastKnownFileType = file.storyboard; name = Base; path = Base.lproj/Main.storyboard; sourceTree = "<group>"; };
		A30587A31F268F4B00E6253F /* Assets.xcassets */ = {isa = PBXFileReference; lastKnownFileType = folder.assetcatalog; path = Assets.xcassets; sourceTree = "<group>"; };
		A30587A61F268F4B00E6253F /* Base */ = {isa = PBXFileReference; lastKnownFileType = file.storyboard; name = Base; path = Base.lproj/LaunchScreen.storyboard; sourceTree = "<group>"; };
		A30587A81F268F4B00E6253F /* Info.plist */ = {isa = PBXFileReference; lastKnownFileType = text.plist.xml; path = Info.plist; sourceTree = "<group>"; };
		A30587AE1F2690D000E6253F /* MainTBC.h */ = {isa = PBXFileReference; fileEncoding = 4; lastKnownFileType = sourcecode.c.h; path = MainTBC.h; sourceTree = "<group>"; };
		A30587AF1F2690D000E6253F /* MainTBC.m */ = {isa = PBXFileReference; fileEncoding = 4; lastKnownFileType = sourcecode.c.objc; path = MainTBC.m; sourceTree = "<group>"; };
		A30FAD4C1F38F4CC002F6E60 /* TestVC.h */ = {isa = PBXFileReference; fileEncoding = 4; lastKnownFileType = sourcecode.c.h; path = TestVC.h; sourceTree = "<group>"; };
		A30FAD4D1F38F4CC002F6E60 /* TestVC.m */ = {isa = PBXFileReference; fileEncoding = 4; lastKnownFileType = sourcecode.c.objc; path = TestVC.m; sourceTree = "<group>"; };
		A30FAD4F1F38F5E8002F6E60 /* happy.png */ = {isa = PBXFileReference; lastKnownFileType = image.png; path = happy.png; sourceTree = "<group>"; };
		A30FAD501F38F5E8002F6E60 /* sad.png */ = {isa = PBXFileReference; lastKnownFileType = image.png; path = sad.png; sourceTree = "<group>"; };
		A30FAD511F38F5E8002F6E60 /* soso.png */ = {isa = PBXFileReference; lastKnownFileType = image.png; path = soso.png; sourceTree = "<group>"; };
		A30FAD571F38FCAF002F6E60 /* border.png */ = {isa = PBXFileReference; lastKnownFileType = image.png; path = border.png; sourceTree = "<group>"; };
		A30FAD5E1F38FFF3002F6E60 /* Demo_ConeriaScript.ttf */ = {isa = PBXFileReference; lastKnownFileType = file; path = Demo_ConeriaScript.ttf; sourceTree = "<group>"; };
		A30FAD601F390E85002F6E60 /* DetailsCVC.h */ = {isa = PBXFileReference; fileEncoding = 4; lastKnownFileType = sourcecode.c.h; path = DetailsCVC.h; sourceTree = "<group>"; };
		A30FAD611F390E85002F6E60 /* DetailsCVC.m */ = {isa = PBXFileReference; fileEncoding = 4; lastKnownFileType = sourcecode.c.objc; path = DetailsCVC.m; sourceTree = "<group>"; };
		A31424AF1F36E6E90044D3D4 /* CreateVC.h */ = {isa = PBXFileReference; fileEncoding = 4; lastKnownFileType = sourcecode.c.h; path = CreateVC.h; sourceTree = "<group>"; };
		A31424B01F36E6E90044D3D4 /* CreateVC.m */ = {isa = PBXFileReference; fileEncoding = 4; lastKnownFileType = sourcecode.c.objc; path = CreateVC.m; sourceTree = "<group>"; };
		A31424B21F36E6F30044D3D4 /* Create.storyboard */ = {isa = PBXFileReference; fileEncoding = 4; lastKnownFileType = file.storyboard; path = Create.storyboard; sourceTree = "<group>"; };
		A31424C21F36FC520044D3D4 /* CreateCVC.h */ = {isa = PBXFileReference; fileEncoding = 4; lastKnownFileType = sourcecode.c.h; path = CreateCVC.h; sourceTree = "<group>"; };
		A31424C31F36FC520044D3D4 /* CreateCVC.m */ = {isa = PBXFileReference; fileEncoding = 4; lastKnownFileType = sourcecode.c.objc; path = CreateCVC.m; sourceTree = "<group>"; };
		A31424D51F3741140044D3D4 /* DetailsVC.h */ = {isa = PBXFileReference; fileEncoding = 4; lastKnownFileType = sourcecode.c.h; path = DetailsVC.h; sourceTree = "<group>"; };
		A31424D61F3741140044D3D4 /* DetailsVC.m */ = {isa = PBXFileReference; fileEncoding = 4; lastKnownFileType = sourcecode.c.objc; path = DetailsVC.m; sourceTree = "<group>"; };
		A31424DD1F37414B0044D3D4 /* Details.storyboard */ = {isa = PBXFileReference; fileEncoding = 4; lastKnownFileType = file.storyboard; path = Details.storyboard; sourceTree = "<group>"; };
		A315F30C1F30528500103E05 /* Shop.storyboard */ = {isa = PBXFileReference; fileEncoding = 4; lastKnownFileType = file.storyboard; path = Shop.storyboard; sourceTree = "<group>"; };
		A315F30E1F30529A00103E05 /* ShopVC.h */ = {isa = PBXFileReference; fileEncoding = 4; lastKnownFileType = sourcecode.c.h; path = ShopVC.h; sourceTree = "<group>"; };
		A315F30F1F30529A00103E05 /* ShopVC.m */ = {isa = PBXFileReference; fileEncoding = 4; lastKnownFileType = sourcecode.c.objc; path = ShopVC.m; sourceTree = "<group>"; };
		A315F3111F30544C00103E05 /* ShopCVC.h */ = {isa = PBXFileReference; fileEncoding = 4; lastKnownFileType = sourcecode.c.h; path = ShopCVC.h; sourceTree = "<group>"; };
		A315F3121F30544C00103E05 /* ShopCVC.m */ = {isa = PBXFileReference; fileEncoding = 4; lastKnownFileType = sourcecode.c.objc; path = ShopCVC.m; sourceTree = "<group>"; };
		A315F3141F3054C000103E05 /* ShopSlideShowTVC.h */ = {isa = PBXFileReference; fileEncoding = 4; lastKnownFileType = sourcecode.c.h; path = ShopSlideShowTVC.h; sourceTree = "<group>"; };
		A315F3151F3054C000103E05 /* ShopSlideShowTVC.m */ = {isa = PBXFileReference; fileEncoding = 4; lastKnownFileType = sourcecode.c.objc; path = ShopSlideShowTVC.m; sourceTree = "<group>"; };
		A315F3171F3054EB00103E05 /* ShopTVC.h */ = {isa = PBXFileReference; fileEncoding = 4; lastKnownFileType = sourcecode.c.h; path = ShopTVC.h; sourceTree = "<group>"; };
		A315F3181F3054EB00103E05 /* ShopTVC.m */ = {isa = PBXFileReference; fileEncoding = 4; lastKnownFileType = sourcecode.c.objc; path = ShopTVC.m; sourceTree = "<group>"; };
		A320D03E1F2F7C7800607C01 /* CowWorkers.storyboard */ = {isa = PBXFileReference; fileEncoding = 4; lastKnownFileType = file.storyboard; path = CowWorkers.storyboard; sourceTree = "<group>"; };
		A320D0491F2F7F1E00607C01 /* CoWorkersTVC.h */ = {isa = PBXFileReference; fileEncoding = 4; lastKnownFileType = sourcecode.c.h; path = CoWorkersTVC.h; sourceTree = "<group>"; };
		A320D04A1F2F7F1E00607C01 /* CoWorkersTVC.m */ = {isa = PBXFileReference; fileEncoding = 4; lastKnownFileType = sourcecode.c.objc; path = CoWorkersTVC.m; sourceTree = "<group>"; };
		A32CF3B91F3834DD009F366F /* CartV.h */ = {isa = PBXFileReference; fileEncoding = 4; lastKnownFileType = sourcecode.c.h; path = CartV.h; sourceTree = "<group>"; };
		A32CF3BA1F3834DD009F366F /* CartV.m */ = {isa = PBXFileReference; fileEncoding = 4; lastKnownFileType = sourcecode.c.objc; path = CartV.m; sourceTree = "<group>"; };
		A32CF3BC1F3834F2009F366F /* CartCVC.h */ = {isa = PBXFileReference; fileEncoding = 4; lastKnownFileType = sourcecode.c.h; path = CartCVC.h; sourceTree = "<group>"; };
		A32CF3BD1F3834F2009F366F /* CartCVC.m */ = {isa = PBXFileReference; fileEncoding = 4; lastKnownFileType = sourcecode.c.objc; path = CartCVC.m; sourceTree = "<group>"; };
		A32CF3BF1F383681009F366F /* CartCVC1.h */ = {isa = PBXFileReference; fileEncoding = 4; lastKnownFileType = sourcecode.c.h; path = CartCVC1.h; sourceTree = "<group>"; };
		A32CF3C01F383681009F366F /* CartCVC1.m */ = {isa = PBXFileReference; fileEncoding = 4; lastKnownFileType = sourcecode.c.objc; path = CartCVC1.m; sourceTree = "<group>"; };
		A32CF3C21F3843C8009F366F /* EditProfileVC.h */ = {isa = PBXFileReference; fileEncoding = 4; lastKnownFileType = sourcecode.c.h; path = EditProfileVC.h; sourceTree = "<group>"; };
		A32CF3C31F3843C8009F366F /* EditProfileVC.m */ = {isa = PBXFileReference; fileEncoding = 4; lastKnownFileType = sourcecode.c.objc; path = EditProfileVC.m; sourceTree = "<group>"; };
		A32CF3C51F384AD2009F366F /* book0.jpg */ = {isa = PBXFileReference; lastKnownFileType = image.jpeg; path = book0.jpg; sourceTree = "<group>"; };
		A32CF3C61F384AD2009F366F /* book1.jpg */ = {isa = PBXFileReference; lastKnownFileType = image.jpeg; path = book1.jpg; sourceTree = "<group>"; };
		A32CF3C71F384AD2009F366F /* book2.jpg */ = {isa = PBXFileReference; lastKnownFileType = image.jpeg; path = book2.jpg; sourceTree = "<group>"; };
		A32CF3C81F384AD2009F366F /* book3.jpg */ = {isa = PBXFileReference; lastKnownFileType = image.jpeg; path = book3.jpg; sourceTree = "<group>"; };
		A32CF3CD1F384B24009F366F /* voice2.jpg */ = {isa = PBXFileReference; lastKnownFileType = image.jpeg; path = voice2.jpg; sourceTree = "<group>"; };
		A32CF3CE1F384B24009F366F /* voice1.jpg */ = {isa = PBXFileReference; lastKnownFileType = image.jpeg; path = voice1.jpg; sourceTree = "<group>"; };
		A32CF3CF1F384B24009F366F /* voice0.jpg */ = {isa = PBXFileReference; lastKnownFileType = image.jpeg; path = voice0.jpg; sourceTree = "<group>"; };
		A32CF3D31F384B43009F366F /* card0.jpg */ = {isa = PBXFileReference; lastKnownFileType = image.jpeg; path = card0.jpg; sourceTree = "<group>"; };
		A32CF3D41F384B43009F366F /* card1.jpg */ = {isa = PBXFileReference; lastKnownFileType = image.jpeg; path = card1.jpg; sourceTree = "<group>"; };
		A32CF3D51F384B43009F366F /* card2.jpg */ = {isa = PBXFileReference; lastKnownFileType = image.jpeg; path = card2.jpg; sourceTree = "<group>"; };
		A32CF3D61F384B43009F366F /* card3.jpg */ = {isa = PBXFileReference; lastKnownFileType = image.jpeg; path = card3.jpg; sourceTree = "<group>"; };
		A32CF3DB1F3853FA009F366F /* buy1.jpg */ = {isa = PBXFileReference; lastKnownFileType = image.jpeg; path = buy1.jpg; sourceTree = "<group>"; };
		A32CF3DC1F3853FA009F366F /* buy0.jpg */ = {isa = PBXFileReference; lastKnownFileType = image.jpeg; path = buy0.jpg; sourceTree = "<group>"; };
		A32CF3DD1F3853FA009F366F /* football0.jpg */ = {isa = PBXFileReference; lastKnownFileType = image.jpeg; path = football0.jpg; sourceTree = "<group>"; };
		A32CF3DE1F3853FA009F366F /* friend1.jpg */ = {isa = PBXFileReference; lastKnownFileType = image.jpeg; path = friend1.jpg; sourceTree = "<group>"; };
		A32CF3DF1F3853FA009F366F /* friend0.jpg */ = {isa = PBXFileReference; lastKnownFileType = image.jpeg; path = friend0.jpg; sourceTree = "<group>"; };
		A32CF3E01F3853FA009F366F /* park0.jpg */ = {isa = PBXFileReference; lastKnownFileType = image.jpeg; path = park0.jpg; sourceTree = "<group>"; };
		A32CF3E11F3853FA009F366F /* park1.jpg */ = {isa = PBXFileReference; lastKnownFileType = image.jpeg; path = park1.jpg; sourceTree = "<group>"; };
		A32CF3E21F3853FA009F366F /* safar0.jpg */ = {isa = PBXFileReference; lastKnownFileType = image.jpeg; path = safar0.jpg; sourceTree = "<group>"; };
		A32CF3E31F3853FA009F366F /* safar1.jpg */ = {isa = PBXFileReference; lastKnownFileType = image.jpeg; path = safar1.jpg; sourceTree = "<group>"; };
		A32CF3E51F3853FA009F366F /* carting0.jpg */ = {isa = PBXFileReference; lastKnownFileType = image.jpeg; path = carting0.jpg; sourceTree = "<group>"; };
		A32CF3E61F3853FA009F366F /* carting1.jpg */ = {isa = PBXFileReference; lastKnownFileType = image.jpeg; path = carting1.jpg; sourceTree = "<group>"; };
		A32CF3F31F385412009F366F /* football1.jpg */ = {isa = PBXFileReference; lastKnownFileType = image.jpeg; path = football1.jpg; sourceTree = "<group>"; };
		A33CF0C61F307739001FAE8B /* Profile.storyboard */ = {isa = PBXFileReference; fileEncoding = 4; lastKnownFileType = file.storyboard; path = Profile.storyboard; sourceTree = "<group>"; };
		A33CF0CC1F308B62001FAE8B /* ProfileVC.h */ = {isa = PBXFileReference; fileEncoding = 4; lastKnownFileType = sourcecode.c.h; path = ProfileVC.h; sourceTree = "<group>"; };
		A33CF0CD1F308B62001FAE8B /* ProfileVC.m */ = {isa = PBXFileReference; fileEncoding = 4; lastKnownFileType = sourcecode.c.objc; path = ProfileVC.m; sourceTree = "<group>"; };
		A346C6A21F27492200FA233F /* PrefixHeader.pch */ = {isa = PBXFileReference; lastKnownFileType = sourcecode.c.h; path = PrefixHeader.pch; sourceTree = "<group>"; };
		A346C6A31F274BCF00FA233F /* TestLibraryVC.h */ = {isa = PBXFileReference; fileEncoding = 4; lastKnownFileType = sourcecode.c.h; path = TestLibraryVC.h; sourceTree = "<group>"; };
		A346C6A41F274BCF00FA233F /* TestLibraryVC.m */ = {isa = PBXFileReference; fileEncoding = 4; lastKnownFileType = sourcecode.c.objc; path = TestLibraryVC.m; sourceTree = "<group>"; };
		A346C6A71F274BEF00FA233F /* TestLibrary.storyboard */ = {isa = PBXFileReference; fileEncoding = 4; lastKnownFileType = file.storyboard; path = TestLibrary.storyboard; sourceTree = "<group>"; };
		A346C6A91F274CD900FA233F /* TestCVC.h */ = {isa = PBXFileReference; fileEncoding = 4; lastKnownFileType = sourcecode.c.h; path = TestCVC.h; sourceTree = "<group>"; };
		A346C6AA1F274CD900FA233F /* TestCVC.m */ = {isa = PBXFileReference; fileEncoding = 4; lastKnownFileType = sourcecode.c.objc; path = TestCVC.m; sourceTree = "<group>"; };
		A346C6B91F2762D800FA233F /* TestCVL.h */ = {isa = PBXFileReference; fileEncoding = 4; lastKnownFileType = sourcecode.c.h; path = TestCVL.h; sourceTree = "<group>"; };
		A346C6BA1F2762D800FA233F /* TestCVL.m */ = {isa = PBXFileReference; fileEncoding = 4; lastKnownFileType = sourcecode.c.objc; path = TestCVL.m; sourceTree = "<group>"; };
		A346C6BD1F276E3400FA233F /* FontAwesome.otf */ = {isa = PBXFileReference; lastKnownFileType = file; path = FontAwesome.otf; sourceTree = "<group>"; };
		A34BFBAF1F3300EE00ADC193 /* CoWorkers.h */ = {isa = PBXFileReference; fileEncoding = 4; lastKnownFileType = sourcecode.c.h; path = CoWorkers.h; sourceTree = "<group>"; };
		A34BFBB01F3300EE00ADC193 /* CoWorkers.m */ = {isa = PBXFileReference; fileEncoding = 4; lastKnownFileType = sourcecode.c.objc; path = CoWorkers.m; sourceTree = "<group>"; };
		A34BFBB51F33019300ADC193 /* CoWorkersSlideShowTVC.h */ = {isa = PBXFileReference; fileEncoding = 4; lastKnownFileType = sourcecode.c.h; path = CoWorkersSlideShowTVC.h; sourceTree = "<group>"; };
		A34BFBB61F33019300ADC193 /* CoWorkersSlideShowTVC.m */ = {isa = PBXFileReference; fileEncoding = 4; lastKnownFileType = sourcecode.c.objc; path = CoWorkersSlideShowTVC.m; sourceTree = "<group>"; };
		A34BFBBC1F3310D900ADC193 /* EventCVC.h */ = {isa = PBXFileReference; fileEncoding = 4; lastKnownFileType = sourcecode.c.h; path = EventCVC.h; sourceTree = "<group>"; };
		A34BFBBD1F3310D900ADC193 /* EventCVC.m */ = {isa = PBXFileReference; fileEncoding = 4; lastKnownFileType = sourcecode.c.objc; path = EventCVC.m; sourceTree = "<group>"; };
		A34BFBBF1F332B7500ADC193 /* EventV.h */ = {isa = PBXFileReference; fileEncoding = 4; lastKnownFileType = sourcecode.c.h; path = EventV.h; sourceTree = "<group>"; };
		A34BFBC01F332B7500ADC193 /* EventV.m */ = {isa = PBXFileReference; fileEncoding = 4; lastKnownFileType = sourcecode.c.objc; path = EventV.m; sourceTree = "<group>"; };
		A34BFBC41F335C1600ADC193 /* IRANSansMobile_Bold.ttf */ = {isa = PBXFileReference; lastKnownFileType = file; path = IRANSansMobile_Bold.ttf; sourceTree = "<group>"; };
		A34BFBC51F335C1600ADC193 /* IRANSansMobile_Light.ttf */ = {isa = PBXFileReference; lastKnownFileType = file; path = IRANSansMobile_Light.ttf; sourceTree = "<group>"; };
		A34BFBC61F335C1600ADC193 /* IRANSansMobile_Medium.ttf */ = {isa = PBXFileReference; lastKnownFileType = file; path = IRANSansMobile_Medium.ttf; sourceTree = "<group>"; };
		A34BFBC71F335C1600ADC193 /* IRANSansMobile_UltraLight.ttf */ = {isa = PBXFileReference; lastKnownFileType = file; path = IRANSansMobile_UltraLight.ttf; sourceTree = "<group>"; };
		A34BFBC81F335C1600ADC193 /* IRANSansMobile.ttf */ = {isa = PBXFileReference; lastKnownFileType = file; path = IRANSansMobile.ttf; sourceTree = "<group>"; };
		A38B07421F2FAF360077589A /* UITextView+AMSExtension.h */ = {isa = PBXFileReference; fileEncoding = 4; lastKnownFileType = sourcecode.c.h; path = "UITextView+AMSExtension.h"; sourceTree = "<group>"; };
		A38B07431F2FAF360077589A /* UITextView+AMSExtension.m */ = {isa = PBXFileReference; fileEncoding = 4; lastKnownFileType = sourcecode.c.objc; path = "UITextView+AMSExtension.m"; sourceTree = "<group>"; };
		A38B07441F2FAF360077589A /* UIView+AMSExtension.h */ = {isa = PBXFileReference; fileEncoding = 4; lastKnownFileType = sourcecode.c.h; path = "UIView+AMSExtension.h"; sourceTree = "<group>"; };
		A38B07451F2FAF360077589A /* UIView+AMSExtension.m */ = {isa = PBXFileReference; fileEncoding = 4; lastKnownFileType = sourcecode.c.objc; path = "UIView+AMSExtension.m"; sourceTree = "<group>"; };
		A38B07511F2FBA830077589A /* CoWorkerDetailsVC.h */ = {isa = PBXFileReference; fileEncoding = 4; lastKnownFileType = sourcecode.c.h; path = CoWorkerDetailsVC.h; sourceTree = "<group>"; };
		A38B07521F2FBA830077589A /* CoWorkerDetailsVC.m */ = {isa = PBXFileReference; fileEncoding = 4; lastKnownFileType = sourcecode.c.objc; path = CoWorkerDetailsVC.m; sourceTree = "<group>"; };
		A3A7F2941F361C4F00028FCC /* BasketV.h */ = {isa = PBXFileReference; fileEncoding = 4; lastKnownFileType = sourcecode.c.h; path = BasketV.h; sourceTree = "<group>"; };
		A3A7F2951F361C4F00028FCC /* BasketV.m */ = {isa = PBXFileReference; fileEncoding = 4; lastKnownFileType = sourcecode.c.objc; path = BasketV.m; sourceTree = "<group>"; };
		A3A7F2971F361CE600028FCC /* BasketCVC.h */ = {isa = PBXFileReference; fileEncoding = 4; lastKnownFileType = sourcecode.c.h; path = BasketCVC.h; sourceTree = "<group>"; };
		A3A7F2981F361CE600028FCC /* BasketCVC.m */ = {isa = PBXFileReference; fileEncoding = 4; lastKnownFileType = sourcecode.c.objc; path = BasketCVC.m; sourceTree = "<group>"; };
		A3A7F29C1F362D4600028FCC /* LastEventsV.h */ = {isa = PBXFileReference; fileEncoding = 4; lastKnownFileType = sourcecode.c.h; path = LastEventsV.h; sourceTree = "<group>"; };
		A3A7F29D1F362D4600028FCC /* LastEventsV.m */ = {isa = PBXFileReference; fileEncoding = 4; lastKnownFileType = sourcecode.c.objc; path = LastEventsV.m; sourceTree = "<group>"; };
		A3A7F29F1F362D6A00028FCC /* LastEventsCVC.h */ = {isa = PBXFileReference; fileEncoding = 4; lastKnownFileType = sourcecode.c.h; path = LastEventsCVC.h; sourceTree = "<group>"; };
		A3A7F2A01F362D6A00028FCC /* LastEventsCVC.m */ = {isa = PBXFileReference; fileEncoding = 4; lastKnownFileType = sourcecode.c.objc; path = LastEventsCVC.m; sourceTree = "<group>"; };
		A3A7F2A21F362EB200028FCC /* NewsCVC.h */ = {isa = PBXFileReference; fileEncoding = 4; lastKnownFileType = sourcecode.c.h; path = NewsCVC.h; sourceTree = "<group>"; };
		A3A7F2A31F362EB200028FCC /* NewsCVC.m */ = {isa = PBXFileReference; fileEncoding = 4; lastKnownFileType = sourcecode.c.objc; path = NewsCVC.m; sourceTree = "<group>"; };
		A3A7F2A51F362EC400028FCC /* NewsV.h */ = {isa = PBXFileReference; fileEncoding = 4; lastKnownFileType = sourcecode.c.h; path = NewsV.h; sourceTree = "<group>"; };
		A3A7F2A61F362EC400028FCC /* NewsV.m */ = {isa = PBXFileReference; fileEncoding = 4; lastKnownFileType = sourcecode.c.objc; path = NewsV.m; sourceTree = "<group>"; };
/* End PBXFileReference section */

/* Begin PBXFrameworksBuildPhase section */
		A30587911F268F4B00E6253F /* Frameworks */ = {
			isa = PBXFrameworksBuildPhase;
			buildActionMask = 2147483647;
			files = (
				B3CF79349110353F337B270C /* libPods-Persolio.a in Frameworks */,
			);
			runOnlyForDeploymentPostprocessing = 0;
		};
/* End PBXFrameworksBuildPhase section */

/* Begin PBXGroup section */
		0F3789766453FC13D6F7B07D /* Frameworks */ = {
			isa = PBXGroup;
			children = (
				6D3FF1290334EFA60B9C70CA /* libPods-Persolio.a */,
			);
			name = Frameworks;
			sourceTree = "<group>";
		};
		7BA39C716183A8251DD9FC7E /* Pods */ = {
			isa = PBXGroup;
			children = (
				02E25CAD7C756FC2A919518D /* Pods-Persolio.debug.xcconfig */,
				547B4E9C82696FFAF3AE6892 /* Pods-Persolio.release.xcconfig */,
			);
			name = Pods;
			sourceTree = "<group>";
		};
		A305878B1F268F4B00E6253F = {
			isa = PBXGroup;
			children = (
				A30587961F268F4B00E6253F /* Persolio */,
				A30587951F268F4B00E6253F /* Products */,
				7BA39C716183A8251DD9FC7E /* Pods */,
				0F3789766453FC13D6F7B07D /* Frameworks */,
			);
			sourceTree = "<group>";
		};
		A30587951F268F4B00E6253F /* Products */ = {
			isa = PBXGroup;
			children = (
				A30587941F268F4B00E6253F /* Persolio.app */,
			);
			name = Products;
			sourceTree = "<group>";
		};
		A30587961F268F4B00E6253F /* Persolio */ = {
			isa = PBXGroup;
			children = (
				A305879A1F268F4B00E6253F /* AppDelegate.h */,
				A305879B1F268F4B00E6253F /* AppDelegate.m */,
				A30587AE1F2690D000E6253F /* MainTBC.h */,
				A30587AF1F2690D000E6253F /* MainTBC.m */,
				A30587A01F268F4B00E6253F /* Main.storyboard */,
				A346C6A61F274BD700FA233F /* TestLibrary */,
				A320D03D1F2F7C3600607C01 /* CoWorkers */,
				A33CF0C51F307729001FAE8B /* Profile */,
				A38B07541F2FC76D0077589A /* Shop */,
				A31424AE1F36E6C30044D3D4 /* Create */,
				A346C6A21F27492200FA233F /* PrefixHeader.pch */,
				A38B07481F2FAF3C0077589A /* Extensions */,
				A346C6BF1F276E3800FA233F /* Fonts */,
				A346C6AC1F274D4500FA233F /* Pictures */,
				A30587971F268F4B00E6253F /* Supporting Files */,
			);
			path = Persolio;
			sourceTree = "<group>";
		};
		A30587971F268F4B00E6253F /* Supporting Files */ = {
			isa = PBXGroup;
			children = (
				A30587A51F268F4B00E6253F /* LaunchScreen.storyboard */,
				A30587A81F268F4B00E6253F /* Info.plist */,
				A30587981F268F4B00E6253F /* main.m */,
			);
			name = "Supporting Files";
			sourceTree = "<group>";
		};
		A31424AE1F36E6C30044D3D4 /* Create */ = {
			isa = PBXGroup;
			children = (
				A31424AF1F36E6E90044D3D4 /* CreateVC.h */,
				A31424B01F36E6E90044D3D4 /* CreateVC.m */,
				A31424C21F36FC520044D3D4 /* CreateCVC.h */,
				A31424C31F36FC520044D3D4 /* CreateCVC.m */,
				A31424B21F36E6F30044D3D4 /* Create.storyboard */,
			);
			name = Create;
			sourceTree = "<group>";
		};
		A31424D31F372F040044D3D4 /* Cart */ = {
			isa = PBXGroup;
			children = (
				A32CF3B91F3834DD009F366F /* CartV.h */,
				A32CF3BA1F3834DD009F366F /* CartV.m */,
				A32CF3BC1F3834F2009F366F /* CartCVC.h */,
				A32CF3BD1F3834F2009F366F /* CartCVC.m */,
				A32CF3BF1F383681009F366F /* CartCVC1.h */,
				A32CF3C01F383681009F366F /* CartCVC1.m */,
			);
			name = Cart;
			sourceTree = "<group>";
		};
		A31424D41F3740ED0044D3D4 /* DetailsVC */ = {
			isa = PBXGroup;
			children = (
				A31424D51F3741140044D3D4 /* DetailsVC.h */,
				A31424D61F3741140044D3D4 /* DetailsVC.m */,
				A30FAD601F390E85002F6E60 /* DetailsCVC.h */,
				A30FAD611F390E85002F6E60 /* DetailsCVC.m */,
				A31424DD1F37414B0044D3D4 /* Details.storyboard */,
			);
			name = DetailsVC;
			sourceTree = "<group>";
		};
		A320D03D1F2F7C3600607C01 /* CoWorkers */ = {
			isa = PBXGroup;
			children = (
				A34BFBAF1F3300EE00ADC193 /* CoWorkers.h */,
				A34BFBB01F3300EE00ADC193 /* CoWorkers.m */,
				A34BFBB51F33019300ADC193 /* CoWorkersSlideShowTVC.h */,
				A34BFBB61F33019300ADC193 /* CoWorkersSlideShowTVC.m */,
				A320D0491F2F7F1E00607C01 /* CoWorkersTVC.h */,
				A320D04A1F2F7F1E00607C01 /* CoWorkersTVC.m */,
				A38B07511F2FBA830077589A /* CoWorkerDetailsVC.h */,
				A38B07521F2FBA830077589A /* CoWorkerDetailsVC.m */,
				A320D03E1F2F7C7800607C01 /* CowWorkers.storyboard */,
			);
			name = CoWorkers;
			sourceTree = "<group>";
		};
		A33CF0C51F307729001FAE8B /* Profile */ = {
			isa = PBXGroup;
			children = (
				A33CF0CC1F308B62001FAE8B /* ProfileVC.h */,
				A33CF0CD1F308B62001FAE8B /* ProfileVC.m */,
				A32CF3C21F3843C8009F366F /* EditProfileVC.h */,
				A32CF3C31F3843C8009F366F /* EditProfileVC.m */,
				A3A7F29B1F362CFB00028FCC /* LastEvents */,
				A34BFBC31F3340E100ADC193 /* Basket */,
				A3A7F29A1F362CDB00028FCC /* News */,
				A31424D31F372F040044D3D4 /* Cart */,
				A34BFBC21F33407700ADC193 /* Events */,
				A31424D41F3740ED0044D3D4 /* DetailsVC */,
				A33CF0C61F307739001FAE8B /* Profile.storyboard */,
			);
			name = Profile;
			sourceTree = "<group>";
		};
		A346C6A61F274BD700FA233F /* TestLibrary */ = {
			isa = PBXGroup;
			children = (
				A346C6A31F274BCF00FA233F /* TestLibraryVC.h */,
				A346C6A41F274BCF00FA233F /* TestLibraryVC.m */,
				A346C6A91F274CD900FA233F /* TestCVC.h */,
				A346C6AA1F274CD900FA233F /* TestCVC.m */,
				A346C6B91F2762D800FA233F /* TestCVL.h */,
				A346C6BA1F2762D800FA233F /* TestCVL.m */,
				A30FAD4C1F38F4CC002F6E60 /* TestVC.h */,
				A30FAD4D1F38F4CC002F6E60 /* TestVC.m */,
				A30FAD4F1F38F5E8002F6E60 /* happy.png */,
				A30FAD501F38F5E8002F6E60 /* sad.png */,
				A30FAD511F38F5E8002F6E60 /* soso.png */,
				A30FAD571F38FCAF002F6E60 /* border.png */,
				A346C6A71F274BEF00FA233F /* TestLibrary.storyboard */,
			);
			name = TestLibrary;
			sourceTree = "<group>";
		};
		A346C6AC1F274D4500FA233F /* Pictures */ = {
			isa = PBXGroup;
			children = (
				A30587A31F268F4B00E6253F /* Assets.xcassets */,
			);
			name = Pictures;
			sourceTree = "<group>";
		};
		A346C6BF1F276E3800FA233F /* Fonts */ = {
			isa = PBXGroup;
			children = (
				A30FAD5E1F38FFF3002F6E60 /* Demo_ConeriaScript.ttf */,
				A346C6BD1F276E3400FA233F /* FontAwesome.otf */,
				A34BFBC41F335C1600ADC193 /* IRANSansMobile_Bold.ttf */,
				A34BFBC51F335C1600ADC193 /* IRANSansMobile_Light.ttf */,
				A34BFBC61F335C1600ADC193 /* IRANSansMobile_Medium.ttf */,
				A34BFBC71F335C1600ADC193 /* IRANSansMobile_UltraLight.ttf */,
				A34BFBC81F335C1600ADC193 /* IRANSansMobile.ttf */,
			);
			name = Fonts;
			sourceTree = "<group>";
		};
		A34BFBC21F33407700ADC193 /* Events */ = {
			isa = PBXGroup;
			children = (
				A34BFBBF1F332B7500ADC193 /* EventV.h */,
				A34BFBC01F332B7500ADC193 /* EventV.m */,
				A34BFBBC1F3310D900ADC193 /* EventCVC.h */,
				A34BFBBD1F3310D900ADC193 /* EventCVC.m */,
				A32CF3DB1F3853FA009F366F /* buy1.jpg */,
				A32CF3DC1F3853FA009F366F /* buy0.jpg */,
				A32CF3DD1F3853FA009F366F /* football0.jpg */,
				A32CF3F31F385412009F366F /* football1.jpg */,
				A32CF3DE1F3853FA009F366F /* friend1.jpg */,
				A32CF3DF1F3853FA009F366F /* friend0.jpg */,
				A32CF3E01F3853FA009F366F /* park0.jpg */,
				A32CF3E11F3853FA009F366F /* park1.jpg */,
				A32CF3E21F3853FA009F366F /* safar0.jpg */,
				A32CF3E31F3853FA009F366F /* safar1.jpg */,
				A32CF3E51F3853FA009F366F /* carting0.jpg */,
				A32CF3E61F3853FA009F366F /* carting1.jpg */,
			);
			name = Events;
			sourceTree = "<group>";
		};
		A34BFBC31F3340E100ADC193 /* Basket */ = {
			isa = PBXGroup;
			children = (
				A3A7F2941F361C4F00028FCC /* BasketV.h */,
				A3A7F2951F361C4F00028FCC /* BasketV.m */,
				A3A7F2971F361CE600028FCC /* BasketCVC.h */,
				A3A7F2981F361CE600028FCC /* BasketCVC.m */,
			);
			name = Basket;
			sourceTree = "<group>";
		};
		A38B07481F2FAF3C0077589A /* Extensions */ = {
			isa = PBXGroup;
			children = (
				A38B07421F2FAF360077589A /* UITextView+AMSExtension.h */,
				A38B07431F2FAF360077589A /* UITextView+AMSExtension.m */,
				A38B07441F2FAF360077589A /* UIView+AMSExtension.h */,
				A38B07451F2FAF360077589A /* UIView+AMSExtension.m */,
			);
			name = Extensions;
			sourceTree = "<group>";
		};
		A38B07541F2FC76D0077589A /* Shop */ = {
			isa = PBXGroup;
			children = (
				A315F30E1F30529A00103E05 /* ShopVC.h */,
				A315F30F1F30529A00103E05 /* ShopVC.m */,
				A315F3171F3054EB00103E05 /* ShopTVC.h */,
				A315F3181F3054EB00103E05 /* ShopTVC.m */,
				A315F3141F3054C000103E05 /* ShopSlideShowTVC.h */,
				A315F3151F3054C000103E05 /* ShopSlideShowTVC.m */,
				A315F3111F30544C00103E05 /* ShopCVC.h */,
				A315F3121F30544C00103E05 /* ShopCVC.m */,
				A32CF3C51F384AD2009F366F /* book0.jpg */,
				A32CF3C61F384AD2009F366F /* book1.jpg */,
				A32CF3C71F384AD2009F366F /* book2.jpg */,
				A32CF3C81F384AD2009F366F /* book3.jpg */,
				A32CF3CD1F384B24009F366F /* voice2.jpg */,
				A32CF3CE1F384B24009F366F /* voice1.jpg */,
				A32CF3CF1F384B24009F366F /* voice0.jpg */,
				A32CF3D31F384B43009F366F /* card0.jpg */,
				A32CF3D41F384B43009F366F /* card1.jpg */,
				A32CF3D51F384B43009F366F /* card2.jpg */,
				A32CF3D61F384B43009F366F /* card3.jpg */,
				A315F30C1F30528500103E05 /* Shop.storyboard */,
			);
			name = Shop;
			sourceTree = "<group>";
		};
		A3A7F29A1F362CDB00028FCC /* News */ = {
			isa = PBXGroup;
			children = (
				A3A7F2A51F362EC400028FCC /* NewsV.h */,
				A3A7F2A61F362EC400028FCC /* NewsV.m */,
				A3A7F2A21F362EB200028FCC /* NewsCVC.h */,
				A3A7F2A31F362EB200028FCC /* NewsCVC.m */,
			);
			name = News;
			sourceTree = "<group>";
		};
		A3A7F29B1F362CFB00028FCC /* LastEvents */ = {
			isa = PBXGroup;
			children = (
				A3A7F29C1F362D4600028FCC /* LastEventsV.h */,
				A3A7F29D1F362D4600028FCC /* LastEventsV.m */,
				A3A7F29F1F362D6A00028FCC /* LastEventsCVC.h */,
				A3A7F2A01F362D6A00028FCC /* LastEventsCVC.m */,
			);
			name = LastEvents;
			sourceTree = "<group>";
		};
/* End PBXGroup section */

/* Begin PBXNativeTarget section */
		A30587931F268F4B00E6253F /* Persolio */ = {
			isa = PBXNativeTarget;
			buildConfigurationList = A30587AB1F268F4B00E6253F /* Build configuration list for PBXNativeTarget "Persolio" */;
			buildPhases = (
				9B325480837262CD5B6BF02B /* [CP] Check Pods Manifest.lock */,
				A30587901F268F4B00E6253F /* Sources */,
				A30587911F268F4B00E6253F /* Frameworks */,
				A30587921F268F4B00E6253F /* Resources */,
				756E56F465A9CE46AD2955FB /* [CP] Embed Pods Frameworks */,
				3B10200F677DDFB68B350160 /* [CP] Copy Pods Resources */,
			);
			buildRules = (
			);
			dependencies = (
			);
			name = Persolio;
			productName = Persolio;
			productReference = A30587941F268F4B00E6253F /* Persolio.app */;
			productType = "com.apple.product-type.application";
		};
/* End PBXNativeTarget section */

/* Begin PBXProject section */
		A305878C1F268F4B00E6253F /* Project object */ = {
			isa = PBXProject;
			attributes = {
				LastUpgradeCheck = 0830;
				ORGANIZATIONNAME = "Ali Soume`e";
				TargetAttributes = {
					A30587931F268F4B00E6253F = {
						CreatedOnToolsVersion = 8.3.3;
						DevelopmentTeam = 5Q93K3SDG9;
						ProvisioningStyle = Automatic;
					};
				};
			};
			buildConfigurationList = A305878F1F268F4B00E6253F /* Build configuration list for PBXProject "Persolio" */;
			compatibilityVersion = "Xcode 3.2";
			developmentRegion = English;
			hasScannedForEncodings = 0;
			knownRegions = (
				en,
				Base,
			);
			mainGroup = A305878B1F268F4B00E6253F;
			productRefGroup = A30587951F268F4B00E6253F /* Products */;
			projectDirPath = "";
			projectRoot = "";
			targets = (
				A30587931F268F4B00E6253F /* Persolio */,
			);
		};
/* End PBXProject section */

/* Begin PBXResourcesBuildPhase section */
		A30587921F268F4B00E6253F /* Resources */ = {
			isa = PBXResourcesBuildPhase;
			buildActionMask = 2147483647;
			files = (
				A30587A71F268F4B00E6253F /* LaunchScreen.storyboard in Resources */,
				A34BFBCB1F335C1600ADC193 /* IRANSansMobile_Medium.ttf in Resources */,
				A30FAD5F1F38FFF3002F6E60 /* Demo_ConeriaScript.ttf in Resources */,
				A30FAD531F38F5E8002F6E60 /* sad.png in Resources */,
				A30FAD521F38F5E8002F6E60 /* happy.png in Resources */,
				A315F30D1F30528500103E05 /* Shop.storyboard in Resources */,
				A32CF3E81F3853FA009F366F /* buy0.jpg in Resources */,
				A32CF3C91F384AD2009F366F /* book0.jpg in Resources */,
				A30FAD581F38FCAF002F6E60 /* border.png in Resources */,
				A346C6BE1F276E3400FA233F /* FontAwesome.otf in Resources */,
				A32CF3D01F384B24009F366F /* voice2.jpg in Resources */,
				A32CF3D11F384B24009F366F /* voice1.jpg in Resources */,
				A34BFBC91F335C1600ADC193 /* IRANSansMobile_Bold.ttf in Resources */,
				A34BFBCC1F335C1600ADC193 /* IRANSansMobile_UltraLight.ttf in Resources */,
				A30587A41F268F4B00E6253F /* Assets.xcassets in Resources */,
				A32CF3ED1F3853FA009F366F /* park1.jpg in Resources */,
				A320D03F1F2F7C7800607C01 /* CowWorkers.storyboard in Resources */,
				A32CF3D91F384B43009F366F /* card2.jpg in Resources */,
				A32CF3EA1F3853FA009F366F /* friend1.jpg in Resources */,
				A34BFBCD1F335C1600ADC193 /* IRANSansMobile.ttf in Resources */,
				A32CF3DA1F384B43009F366F /* card3.jpg in Resources */,
				A346C6A81F274BEF00FA233F /* TestLibrary.storyboard in Resources */,
				A32CF3F11F3853FA009F366F /* carting0.jpg in Resources */,
				A32CF3CB1F384AD2009F366F /* book2.jpg in Resources */,
				A32CF3E91F3853FA009F366F /* football0.jpg in Resources */,
				A33CF0C71F307739001FAE8B /* Profile.storyboard in Resources */,
				A32CF3CC1F384AD2009F366F /* book3.jpg in Resources */,
				A30587A21F268F4B00E6253F /* Main.storyboard in Resources */,
				A32CF3EC1F3853FA009F366F /* park0.jpg in Resources */,
				A31424B31F36E6F30044D3D4 /* Create.storyboard in Resources */,
				A32CF3EF1F3853FA009F366F /* safar1.jpg in Resources */,
				A32CF3D71F384B43009F366F /* card0.jpg in Resources */,
				A32CF3D81F384B43009F366F /* card1.jpg in Resources */,
				A32CF3F21F3853FA009F366F /* carting1.jpg in Resources */,
				A32CF3E71F3853FA009F366F /* buy1.jpg in Resources */,
				A32CF3EB1F3853FA009F366F /* friend0.jpg in Resources */,
				A32CF3CA1F384AD2009F366F /* book1.jpg in Resources */,
				A31424DE1F37414B0044D3D4 /* Details.storyboard in Resources */,
				A30FAD541F38F5E8002F6E60 /* soso.png in Resources */,
				A34BFBCA1F335C1600ADC193 /* IRANSansMobile_Light.ttf in Resources */,
				A32CF3EE1F3853FA009F366F /* safar0.jpg in Resources */,
				A32CF3D21F384B24009F366F /* voice0.jpg in Resources */,
				A32CF3F41F385412009F366F /* football1.jpg in Resources */,
			);
			runOnlyForDeploymentPostprocessing = 0;
		};
/* End PBXResourcesBuildPhase section */

/* Begin PBXShellScriptBuildPhase section */
		3B10200F677DDFB68B350160 /* [CP] Copy Pods Resources */ = {
			isa = PBXShellScriptBuildPhase;
			buildActionMask = 2147483647;
			files = (
			);
			inputPaths = (
			);
			name = "[CP] Copy Pods Resources";
			outputPaths = (
			);
			runOnlyForDeploymentPostprocessing = 0;
			shellPath = /bin/sh;
			shellScript = "\"${SRCROOT}/Pods/Target Support Files/Pods-Persolio/Pods-Persolio-resources.sh\"\n";
			showEnvVarsInLog = 0;
		};
		756E56F465A9CE46AD2955FB /* [CP] Embed Pods Frameworks */ = {
			isa = PBXShellScriptBuildPhase;
			buildActionMask = 2147483647;
			files = (
			);
			inputPaths = (
			);
			name = "[CP] Embed Pods Frameworks";
			outputPaths = (
			);
			runOnlyForDeploymentPostprocessing = 0;
			shellPath = /bin/sh;
			shellScript = "\"${SRCROOT}/Pods/Target Support Files/Pods-Persolio/Pods-Persolio-frameworks.sh\"\n";
			showEnvVarsInLog = 0;
		};
		9B325480837262CD5B6BF02B /* [CP] Check Pods Manifest.lock */ = {
			isa = PBXShellScriptBuildPhase;
			buildActionMask = 2147483647;
			files = (
			);
			inputPaths = (
			);
			name = "[CP] Check Pods Manifest.lock";
			outputPaths = (
			);
			runOnlyForDeploymentPostprocessing = 0;
			shellPath = /bin/sh;
			shellScript = "diff \"${PODS_ROOT}/../Podfile.lock\" \"${PODS_ROOT}/Manifest.lock\" > /dev/null\nif [ $? != 0 ] ; then\n    # print error to STDERR\n    echo \"error: The sandbox is not in sync with the Podfile.lock. Run 'pod install' or update your CocoaPods installation.\" >&2\n    exit 1\nfi\n";
			showEnvVarsInLog = 0;
		};
/* End PBXShellScriptBuildPhase section */

/* Begin PBXSourcesBuildPhase section */
		A30587901F268F4B00E6253F /* Sources */ = {
			isa = PBXSourcesBuildPhase;
			buildActionMask = 2147483647;
			files = (
				A346C6A51F274BCF00FA233F /* TestLibraryVC.m in Sources */,
				A305879C1F268F4B00E6253F /* AppDelegate.m in Sources */,
				A320D04B1F2F7F1E00607C01 /* CoWorkersTVC.m in Sources */,
				A30FAD621F390E85002F6E60 /* DetailsCVC.m in Sources */,
				A30FAD4E1F38F4CC002F6E60 /* TestVC.m in Sources */,
				A315F3131F30544C00103E05 /* ShopCVC.m in Sources */,
				A34BFBB11F3300EE00ADC193 /* CoWorkers.m in Sources */,
				A30587B01F2690D000E6253F /* MainTBC.m in Sources */,
				A31424B11F36E6E90044D3D4 /* CreateVC.m in Sources */,
				A32CF3C11F383681009F366F /* CartCVC1.m in Sources */,
				A31424C41F36FC520044D3D4 /* CreateCVC.m in Sources */,
				A32CF3BE1F3834F2009F366F /* CartCVC.m in Sources */,
				A34BFBBE1F3310D900ADC193 /* EventCVC.m in Sources */,
				A38B07531F2FBA830077589A /* CoWorkerDetailsVC.m in Sources */,
				A346C6BB1F2762D800FA233F /* TestCVL.m in Sources */,
				A346C6AB1F274CD900FA233F /* TestCVC.m in Sources */,
				A30587991F268F4B00E6253F /* main.m in Sources */,
				A315F3191F3054EB00103E05 /* ShopTVC.m in Sources */,
				A315F3101F30529A00103E05 /* ShopVC.m in Sources */,
				A3A7F2A41F362EB200028FCC /* NewsCVC.m in Sources */,
				A34BFBB71F33019300ADC193 /* CoWorkersSlideShowTVC.m in Sources */,
				A3A7F2991F361CE600028FCC /* BasketCVC.m in Sources */,
				A34BFBC11F332B7500ADC193 /* EventV.m in Sources */,
				A33CF0CE1F308B62001FAE8B /* ProfileVC.m in Sources */,
				A3A7F2961F361C4F00028FCC /* BasketV.m in Sources */,
				A3A7F2A11F362D6A00028FCC /* LastEventsCVC.m in Sources */,
				A38B07471F2FAF360077589A /* UIView+AMSExtension.m in Sources */,
				A3A7F29E1F362D4600028FCC /* LastEventsV.m in Sources */,
				A32CF3C41F3843C8009F366F /* EditProfileVC.m in Sources */,
				A3A7F2A71F362EC400028FCC /* NewsV.m in Sources */,
				A31424D71F3741140044D3D4 /* DetailsVC.m in Sources */,
				A315F3161F3054C000103E05 /* ShopSlideShowTVC.m in Sources */,
				A38B07461F2FAF360077589A /* UITextView+AMSExtension.m in Sources */,
				A32CF3BB1F3834DD009F366F /* CartV.m in Sources */,
			);
			runOnlyForDeploymentPostprocessing = 0;
		};
/* End PBXSourcesBuildPhase section */

/* Begin PBXVariantGroup section */
		A30587A01F268F4B00E6253F /* Main.storyboard */ = {
			isa = PBXVariantGroup;
			children = (
				A30587A11F268F4B00E6253F /* Base */,
			);
			name = Main.storyboard;
			sourceTree = "<group>";
		};
		A30587A51F268F4B00E6253F /* LaunchScreen.storyboard */ = {
			isa = PBXVariantGroup;
			children = (
				A30587A61F268F4B00E6253F /* Base */,
			);
			name = LaunchScreen.storyboard;
			sourceTree = "<group>";
		};
/* End PBXVariantGroup section */

/* Begin XCBuildConfiguration section */
		A30587A91F268F4B00E6253F /* Debug */ = {
			isa = XCBuildConfiguration;
			buildSettings = {
				ALWAYS_SEARCH_USER_PATHS = NO;
				CLANG_ANALYZER_NONNULL = YES;
				CLANG_ANALYZER_NUMBER_OBJECT_CONVERSION = YES_AGGRESSIVE;
				CLANG_CXX_LANGUAGE_STANDARD = "gnu++0x";
				CLANG_CXX_LIBRARY = "libc++";
				CLANG_ENABLE_MODULES = YES;
				CLANG_ENABLE_OBJC_ARC = YES;
				CLANG_WARN_BOOL_CONVERSION = YES;
				CLANG_WARN_CONSTANT_CONVERSION = YES;
				CLANG_WARN_DIRECT_OBJC_ISA_USAGE = YES_ERROR;
				CLANG_WARN_DOCUMENTATION_COMMENTS = YES;
				CLANG_WARN_EMPTY_BODY = YES;
				CLANG_WARN_ENUM_CONVERSION = YES;
				CLANG_WARN_INFINITE_RECURSION = YES;
				CLANG_WARN_INT_CONVERSION = YES;
				CLANG_WARN_OBJC_ROOT_CLASS = YES_ERROR;
				CLANG_WARN_SUSPICIOUS_MOVE = YES;
				CLANG_WARN_UNREACHABLE_CODE = YES;
				CLANG_WARN__DUPLICATE_METHOD_MATCH = YES;
				"CODE_SIGN_IDENTITY[sdk=iphoneos*]" = "iPhone Developer";
				COPY_PHASE_STRIP = NO;
				DEBUG_INFORMATION_FORMAT = dwarf;
				ENABLE_STRICT_OBJC_MSGSEND = YES;
				ENABLE_TESTABILITY = YES;
				GCC_C_LANGUAGE_STANDARD = gnu99;
				GCC_DYNAMIC_NO_PIC = NO;
				GCC_NO_COMMON_BLOCKS = YES;
				GCC_OPTIMIZATION_LEVEL = 0;
				GCC_PREPROCESSOR_DEFINITIONS = (
					"DEBUG=1",
					"$(inherited)",
				);
				GCC_WARN_64_TO_32_BIT_CONVERSION = YES;
				GCC_WARN_ABOUT_RETURN_TYPE = YES_ERROR;
				GCC_WARN_UNDECLARED_SELECTOR = YES;
				GCC_WARN_UNINITIALIZED_AUTOS = YES_AGGRESSIVE;
				GCC_WARN_UNUSED_FUNCTION = YES;
				GCC_WARN_UNUSED_VARIABLE = YES;
				IPHONEOS_DEPLOYMENT_TARGET = 10.3;
				MTL_ENABLE_DEBUG_INFO = YES;
				ONLY_ACTIVE_ARCH = YES;
				SDKROOT = iphoneos;
				TARGETED_DEVICE_FAMILY = "1,2";
			};
			name = Debug;
		};
		A30587AA1F268F4B00E6253F /* Release */ = {
			isa = XCBuildConfiguration;
			buildSettings = {
				ALWAYS_SEARCH_USER_PATHS = NO;
				CLANG_ANALYZER_NONNULL = YES;
				CLANG_ANALYZER_NUMBER_OBJECT_CONVERSION = YES_AGGRESSIVE;
				CLANG_CXX_LANGUAGE_STANDARD = "gnu++0x";
				CLANG_CXX_LIBRARY = "libc++";
				CLANG_ENABLE_MODULES = YES;
				CLANG_ENABLE_OBJC_ARC = YES;
				CLANG_WARN_BOOL_CONVERSION = YES;
				CLANG_WARN_CONSTANT_CONVERSION = YES;
				CLANG_WARN_DIRECT_OBJC_ISA_USAGE = YES_ERROR;
				CLANG_WARN_DOCUMENTATION_COMMENTS = YES;
				CLANG_WARN_EMPTY_BODY = YES;
				CLANG_WARN_ENUM_CONVERSION = YES;
				CLANG_WARN_INFINITE_RECURSION = YES;
				CLANG_WARN_INT_CONVERSION = YES;
				CLANG_WARN_OBJC_ROOT_CLASS = YES_ERROR;
				CLANG_WARN_SUSPICIOUS_MOVE = YES;
				CLANG_WARN_UNREACHABLE_CODE = YES;
				CLANG_WARN__DUPLICATE_METHOD_MATCH = YES;
				"CODE_SIGN_IDENTITY[sdk=iphoneos*]" = "iPhone Developer";
				COPY_PHASE_STRIP = NO;
				DEBUG_INFORMATION_FORMAT = "dwarf-with-dsym";
				ENABLE_NS_ASSERTIONS = NO;
				ENABLE_STRICT_OBJC_MSGSEND = YES;
				GCC_C_LANGUAGE_STANDARD = gnu99;
				GCC_NO_COMMON_BLOCKS = YES;
				GCC_WARN_64_TO_32_BIT_CONVERSION = YES;
				GCC_WARN_ABOUT_RETURN_TYPE = YES_ERROR;
				GCC_WARN_UNDECLARED_SELECTOR = YES;
				GCC_WARN_UNINITIALIZED_AUTOS = YES_AGGRESSIVE;
				GCC_WARN_UNUSED_FUNCTION = YES;
				GCC_WARN_UNUSED_VARIABLE = YES;
				IPHONEOS_DEPLOYMENT_TARGET = 10.3;
				MTL_ENABLE_DEBUG_INFO = NO;
				SDKROOT = iphoneos;
				TARGETED_DEVICE_FAMILY = "1,2";
				VALIDATE_PRODUCT = YES;
			};
			name = Release;
		};
		A30587AC1F268F4B00E6253F /* Debug */ = {
			isa = XCBuildConfiguration;
			baseConfigurationReference = 02E25CAD7C756FC2A919518D /* Pods-Persolio.debug.xcconfig */;
			buildSettings = {
				ASSETCATALOG_COMPILER_APPICON_NAME = AppIcon;
				DEVELOPMENT_TEAM = 5Q93K3SDG9;
				GCC_PREFIX_HEADER = /Users/AliSoume/Developer/github/Persolio/Persolio/Persolio/PrefixHeader.pch;
				INFOPLIST_FILE = Persolio/Info.plist;
				IPHONEOS_DEPLOYMENT_TARGET = 10.0;
				LD_RUNPATH_SEARCH_PATHS = "$(inherited) @executable_path/Frameworks";
				PRODUCT_BUNDLE_IDENTIFIER = com.persolio.ios;
				PRODUCT_NAME = "$(TARGET_NAME)";
			};
			name = Debug;
		};
		A30587AD1F268F4B00E6253F /* Release */ = {
			isa = XCBuildConfiguration;
			baseConfigurationReference = 547B4E9C82696FFAF3AE6892 /* Pods-Persolio.release.xcconfig */;
			buildSettings = {
				ASSETCATALOG_COMPILER_APPICON_NAME = AppIcon;
				DEVELOPMENT_TEAM = 5Q93K3SDG9;
				GCC_PREFIX_HEADER = /Users/AliSoume/Developer/github/Persolio/Persolio/Persolio/PrefixHeader.pch;
				INFOPLIST_FILE = Persolio/Info.plist;
				IPHONEOS_DEPLOYMENT_TARGET = 10.0;
				LD_RUNPATH_SEARCH_PATHS = "$(inherited) @executable_path/Frameworks";
				PRODUCT_BUNDLE_IDENTIFIER = com.persolio.ios;
				PRODUCT_NAME = "$(TARGET_NAME)";
			};
			name = Release;
		};
/* End XCBuildConfiguration section */

/* Begin XCConfigurationList section */
		A305878F1F268F4B00E6253F /* Build configuration list for PBXProject "Persolio" */ = {
			isa = XCConfigurationList;
			buildConfigurations = (
				A30587A91F268F4B00E6253F /* Debug */,
				A30587AA1F268F4B00E6253F /* Release */,
			);
			defaultConfigurationIsVisible = 0;
			defaultConfigurationName = Release;
		};
		A30587AB1F268F4B00E6253F /* Build configuration list for PBXNativeTarget "Persolio" */ = {
			isa = XCConfigurationList;
			buildConfigurations = (
				A30587AC1F268F4B00E6253F /* Debug */,
				A30587AD1F268F4B00E6253F /* Release */,
			);
			defaultConfigurationIsVisible = 0;
			defaultConfigurationName = Release;
		};
/* End XCConfigurationList section */
	};
	rootObject = A305878C1F268F4B00E6253F /* Project object */;
}
